// !$*UTF8*$!
{
	archiveVersion = 1;
	classes = {
	};
	objectVersion = 46;
	objects = {

/* Begin PBXBuildFile section */
		6FD3662A1EE6A78F00064523 /* main.m in Sources */ = {isa = PBXBuildFile; fileRef = 6FD366291EE6A78F00064523 /* main.m */; };
		6FD3662D1EE6A78F00064523 /* AppDelegate.m in Sources */ = {isa = PBXBuildFile; fileRef = 6FD3662C1EE6A78F00064523 /* AppDelegate.m */; };
		6FD366301EE6A78F00064523 /* ViewController.m in Sources */ = {isa = PBXBuildFile; fileRef = 6FD3662F1EE6A78F00064523 /* ViewController.m */; };
		6FD366331EE6A78F00064523 /* Main.storyboard in Resources */ = {isa = PBXBuildFile; fileRef = 6FD366311EE6A78F00064523 /* Main.storyboard */; };
		6FD366351EE6A78F00064523 /* Assets.xcassets in Resources */ = {isa = PBXBuildFile; fileRef = 6FD366341EE6A78F00064523 /* Assets.xcassets */; };
		6FD366381EE6A78F00064523 /* LaunchScreen.storyboard in Resources */ = {isa = PBXBuildFile; fileRef = 6FD366361EE6A78F00064523 /* LaunchScreen.storyboard */; };
		6FD366431EE6A78F00064523 /* DropMenuTests.m in Sources */ = {isa = PBXBuildFile; fileRef = 6FD366421EE6A78F00064523 /* DropMenuTests.m */; };
		6FD366501EE6A7E500064523 /* DropMenuView.m in Sources */ = {isa = PBXBuildFile; fileRef = 6FD3664F1EE6A7E500064523 /* DropMenuView.m */; };
		6FD366531EE6A80F00064523 /* FilterTypeModel.m in Sources */ = {isa = PBXBuildFile; fileRef = 6FD366521EE6A80F00064523 /* FilterTypeModel.m */; };
/* End PBXBuildFile section */

/* Begin PBXContainerItemProxy section */
		6FD3663F1EE6A78F00064523 /* PBXContainerItemProxy */ = {
			isa = PBXContainerItemProxy;
			containerPortal = 6FD3661D1EE6A78F00064523 /* Project object */;
			proxyType = 1;
			remoteGlobalIDString = 6FD366241EE6A78F00064523;
			remoteInfo = DropMenu;
		};
/* End PBXContainerItemProxy section */

/* Begin PBXFileReference section */
		6FD366251EE6A78F00064523 /* DropMenu.app */ = {isa = PBXFileReference; explicitFileType = wrapper.application; includeInIndex = 0; path = DropMenu.app; sourceTree = BUILT_PRODUCTS_DIR; };
		6FD366291EE6A78F00064523 /* main.m */ = {isa = PBXFileReference; lastKnownFileType = sourcecode.c.objc; path = main.m; sourceTree = "<group>"; };
		6FD3662B1EE6A78F00064523 /* AppDelegate.h */ = {isa = PBXFileReference; lastKnownFileType = sourcecode.c.h; path = AppDelegate.h; sourceTree = "<group>"; };
		6FD3662C1EE6A78F00064523 /* AppDelegate.m */ = {isa = PBXFileReference; lastKnownFileType = sourcecode.c.objc; path = AppDelegate.m; sourceTree = "<group>"; };
		6FD3662E1EE6A78F00064523 /* ViewController.h */ = {isa = PBXFileReference; lastKnownFileType = sourcecode.c.h; path = ViewController.h; sourceTree = "<group>"; };
		6FD3662F1EE6A78F00064523 /* ViewController.m */ = {isa = PBXFileReference; lastKnownFileType = sourcecode.c.objc; path = ViewController.m; sourceTree = "<group>"; };
		6FD366321EE6A78F00064523 /* Base */ = {isa = PBXFileReference; lastKnownFileType = file.storyboard; name = Base; path = Base.lproj/Main.storyboard; sourceTree = "<group>"; };
		6FD366341EE6A78F00064523 /* Assets.xcassets */ = {isa = PBXFileReference; lastKnownFileType = folder.assetcatalog; path = Assets.xcassets; sourceTree = "<group>"; };
		6FD366371EE6A78F00064523 /* Base */ = {isa = PBXFileReference; lastKnownFileType = file.storyboard; name = Base; path = Base.lproj/LaunchScreen.storyboard; sourceTree = "<group>"; };
		6FD366391EE6A78F00064523 /* Info.plist */ = {isa = PBXFileReference; lastKnownFileType = text.plist.xml; path = Info.plist; sourceTree = "<group>"; };
		6FD3663E1EE6A78F00064523 /* DropMenuTests.xctest */ = {isa = PBXFileReference; explicitFileType = wrapper.cfbundle; includeInIndex = 0; path = DropMenuTests.xctest; sourceTree = BUILT_PRODUCTS_DIR; };
		6FD366421EE6A78F00064523 /* DropMenuTests.m */ = {isa = PBXFileReference; lastKnownFileType = sourcecode.c.objc; path = DropMenuTests.m; sourceTree = "<group>"; };
		6FD366441EE6A78F00064523 /* Info.plist */ = {isa = PBXFileReference; lastKnownFileType = text.plist.xml; path = Info.plist; sourceTree = "<group>"; };
		6FD3664E1EE6A7E500064523 /* DropMenuView.h */ = {isa = PBXFileReference; fileEncoding = 4; lastKnownFileType = sourcecode.c.h; path = DropMenuView.h; sourceTree = "<group>"; };
		6FD3664F1EE6A7E500064523 /* DropMenuView.m */ = {isa = PBXFileReference; fileEncoding = 4; lastKnownFileType = sourcecode.c.objc; path = DropMenuView.m; sourceTree = "<group>"; };
		6FD366511EE6A80F00064523 /* FilterTypeModel.h */ = {isa = PBXFileReference; fileEncoding = 4; lastKnownFileType = sourcecode.c.h; path = FilterTypeModel.h; sourceTree = "<group>"; };
		6FD366521EE6A80F00064523 /* FilterTypeModel.m */ = {isa = PBXFileReference; fileEncoding = 4; lastKnownFileType = sourcecode.c.objc; path = FilterTypeModel.m; sourceTree = "<group>"; };
/* End PBXFileReference section */

/* Begin PBXFrameworksBuildPhase section */
		6FD366221EE6A78F00064523 /* Frameworks */ = {
			isa = PBXFrameworksBuildPhase;
			buildActionMask = 2147483647;
			files = (
			);
			runOnlyForDeploymentPostprocessing = 0;
		};
		6FD3663B1EE6A78F00064523 /* Frameworks */ = {
			isa = PBXFrameworksBuildPhase;
			buildActionMask = 2147483647;
			files = (
			);
			runOnlyForDeploymentPostprocessing = 0;
		};
/* End PBXFrameworksBuildPhase section */

/* Begin PBXGroup section */
		6FD3661C1EE6A78F00064523 = {
			isa = PBXGroup;
			children = (
				6FD366271EE6A78F00064523 /* DropMenu */,
				6FD366411EE6A78F00064523 /* DropMenuTests */,
				6FD366261EE6A78F00064523 /* Products */,
			);
			sourceTree = "<group>";
		};
		6FD366261EE6A78F00064523 /* Products */ = {
			isa = PBXGroup;
			children = (
				6FD366251EE6A78F00064523 /* DropMenu.app */,
				6FD3663E1EE6A78F00064523 /* DropMenuTests.xctest */,
			);
			name = Products;
			sourceTree = "<group>";
		};
		6FD366271EE6A78F00064523 /* DropMenu */ = {
			isa = PBXGroup;
			children = (
				6FD3662B1EE6A78F00064523 /* AppDelegate.h */,
				6FD3662C1EE6A78F00064523 /* AppDelegate.m */,
				6FD3662E1EE6A78F00064523 /* ViewController.h */,
				6FD3662F1EE6A78F00064523 /* ViewController.m */,
				6FD3664D1EE6A7E500064523 /* DropMenu */,
				6FD366311EE6A78F00064523 /* Main.storyboard */,
				6FD366341EE6A78F00064523 /* Assets.xcassets */,
				6FD366361EE6A78F00064523 /* LaunchScreen.storyboard */,
				6FD366391EE6A78F00064523 /* Info.plist */,
				6FD366281EE6A78F00064523 /* Supporting Files */,
			);
			path = DropMenu;
			sourceTree = "<group>";
		};
		6FD366281EE6A78F00064523 /* Supporting Files */ = {
			isa = PBXGroup;
			children = (
				6FD366291EE6A78F00064523 /* main.m */,
			);
			name = "Supporting Files";
			sourceTree = "<group>";
		};
		6FD366411EE6A78F00064523 /* DropMenuTests */ = {
			isa = PBXGroup;
			children = (
				6FD366421EE6A78F00064523 /* DropMenuTests.m */,
				6FD366441EE6A78F00064523 /* Info.plist */,
			);
			path = DropMenuTests;
			sourceTree = "<group>";
		};
		6FD3664D1EE6A7E500064523 /* DropMenu */ = {
			isa = PBXGroup;
			children = (
				6FD3664E1EE6A7E500064523 /* DropMenuView.h */,
				6FD3664F1EE6A7E500064523 /* DropMenuView.m */,
				6FD366511EE6A80F00064523 /* FilterTypeModel.h */,
				6FD366521EE6A80F00064523 /* FilterTypeModel.m */,
			);
			path = DropMenu;
			sourceTree = "<group>";
		};
/* End PBXGroup section */

/* Begin PBXNativeTarget section */
		6FD366241EE6A78F00064523 /* DropMenu */ = {
			isa = PBXNativeTarget;
			buildConfigurationList = 6FD366471EE6A78F00064523 /* Build configuration list for PBXNativeTarget "DropMenu" */;
			buildPhases = (
				6FD366211EE6A78F00064523 /* Sources */,
				6FD366221EE6A78F00064523 /* Frameworks */,
				6FD366231EE6A78F00064523 /* Resources */,
			);
			buildRules = (
			);
			dependencies = (
			);
			name = DropMenu;
			productName = DropMenu;
			productReference = 6FD366251EE6A78F00064523 /* DropMenu.app */;
			productType = "com.apple.product-type.application";
		};
		6FD3663D1EE6A78F00064523 /* DropMenuTests */ = {
			isa = PBXNativeTarget;
			buildConfigurationList = 6FD3664A1EE6A78F00064523 /* Build configuration list for PBXNativeTarget "DropMenuTests" */;
			buildPhases = (
				6FD3663A1EE6A78F00064523 /* Sources */,
				6FD3663B1EE6A78F00064523 /* Frameworks */,
				6FD3663C1EE6A78F00064523 /* Resources */,
			);
			buildRules = (
			);
			dependencies = (
				6FD366401EE6A78F00064523 /* PBXTargetDependency */,
			);
			name = DropMenuTests;
			productName = DropMenuTests;
			productReference = 6FD3663E1EE6A78F00064523 /* DropMenuTests.xctest */;
			productType = "com.apple.product-type.bundle.unit-test";
		};
/* End PBXNativeTarget section */

/* Begin PBXProject section */
		6FD3661D1EE6A78F00064523 /* Project object */ = {
			isa = PBXProject;
			attributes = {
				LastUpgradeCheck = 0830;
				ORGANIZATIONNAME = com.yang;
				TargetAttributes = {
					6FD366241EE6A78F00064523 = {
						CreatedOnToolsVersion = 8.3.1;
						DevelopmentTeam = 985LB7AXTT;
						ProvisioningStyle = Automatic;
					};
					6FD3663D1EE6A78F00064523 = {
						CreatedOnToolsVersion = 8.3.1;
						DevelopmentTeam = 985LB7AXTT;
						ProvisioningStyle = Automatic;
						TestTargetID = 6FD366241EE6A78F00064523;
					};
				};
			};
			buildConfigurationList = 6FD366201EE6A78F00064523 /* Build configuration list for PBXProject "DropMenu" */;
			compatibilityVersion = "Xcode 3.2";
			developmentRegion = English;
			hasScannedForEncodings = 0;
			knownRegions = (
				en,
				Base,
			);
			mainGroup = 6FD3661C1EE6A78F00064523;
			productRefGroup = 6FD366261EE6A78F00064523 /* Products */;
			projectDirPath = "";
			projectRoot = "";
			targets = (
				6FD366241EE6A78F00064523 /* DropMenu */,
				6FD3663D1EE6A78F00064523 /* DropMenuTests */,
			);
		};
/* End PBXProject section */

/* Begin PBXResourcesBuildPhase section */
		6FD366231EE6A78F00064523 /* Resources */ = {
			isa = PBXResourcesBuildPhase;
			buildActionMask = 2147483647;
			files = (
				6FD366381EE6A78F00064523 /* LaunchScreen.storyboard in Resources */,
				6FD366351EE6A78F00064523 /* Assets.xcassets in Resources */,
				6FD366331EE6A78F00064523 /* Main.storyboard in Resources */,
			);
			runOnlyForDeploymentPostprocessing = 0;
		};
		6FD3663C1EE6A78F00064523 /* Resources */ = {
			isa = PBXResourcesBuildPhase;
			buildActionMask = 2147483647;
			files = (
			);
			runOnlyForDeploymentPostprocessing = 0;
		};
/* End PBXResourcesBuildPhase section */

/* Begin PBXSourcesBuildPhase section */
		6FD366211EE6A78F00064523 /* Sources */ = {
			isa = PBXSourcesBuildPhase;
			buildActionMask = 2147483647;
			files = (
				6FD366301EE6A78F00064523 /* ViewController.m in Sources */,
				6FD3662D1EE6A78F00064523 /* AppDelegate.m in Sources */,
				6FD366501EE6A7E500064523 /* DropMenuView.m in Sources */,
				6FD366531EE6A80F00064523 /* FilterTypeModel.m in Sources */,
				6FD3662A1EE6A78F00064523 /* main.m in Sources */,
			);
			runOnlyForDeploymentPostprocessing = 0;
		};
		6FD3663A1EE6A78F00064523 /* Sources */ = {
			isa = PBXSourcesBuildPhase;
			buildActionMask = 2147483647;
			files = (
				6FD366431EE6A78F00064523 /* DropMenuTests.m in Sources */,
			);
			runOnlyForDeploymentPostprocessing = 0;
		};
/* End PBXSourcesBuildPhase section */

/* Begin PBXTargetDependency section */
		6FD366401EE6A78F00064523 /* PBXTargetDependency */ = {
			isa = PBXTargetDependency;
			target = 6FD366241EE6A78F00064523 /* DropMenu */;
			targetProxy = 6FD3663F1EE6A78F00064523 /* PBXContainerItemProxy */;
		};
/* End PBXTargetDependency section */

/* Begin PBXVariantGroup section */
		6FD366311EE6A78F00064523 /* Main.storyboard */ = {
			isa = PBXVariantGroup;
			children = (
				6FD366321EE6A78F00064523 /* Base */,
			);
			name = Main.storyboard;
			sourceTree = "<group>";
		};
		6FD366361EE6A78F00064523 /* LaunchScreen.storyboard */ = {
			isa = PBXVariantGroup;
			children = (
				6FD366371EE6A78F00064523 /* Base */,
			);
			name = LaunchScreen.storyboard;
			sourceTree = "<group>";
		};
/* End PBXVariantGroup section */

/* Begin XCBuildConfiguration section */
		6FD366451EE6A78F00064523 /* Debug */ = {
			isa = XCBuildConfiguration;
			buildSettings = {
				ALWAYS_SEARCH_USER_PATHS = NO;
				CLANG_ANALYZER_NONNULL = YES;
				CLANG_ANALYZER_NUMBER_OBJECT_CONVERSION = YES_AGGRESSIVE;
				CLANG_CXX_LANGUAGE_STANDARD = "gnu++0x";
				CLANG_CXX_LIBRARY = "libc++";
				CLANG_ENABLE_MODULES = YES;
				CLANG_ENABLE_OBJC_ARC = YES;
				CLANG_WARN_BOOL_CONVERSION = YES;
				CLANG_WARN_CONSTANT_CONVERSION = YES;
				CLANG_WARN_DIRECT_OBJC_ISA_USAGE = YES_ERROR;
				CLANG_WARN_DOCUMENTATION_COMMENTS = YES;
				CLANG_WARN_EMPTY_BODY = YES;
				CLANG_WARN_ENUM_CONVERSION = YES;
				CLANG_WARN_INFINITE_RECURSION = YES;
				CLANG_WARN_INT_CONVERSION = YES;
				CLANG_WARN_OBJC_ROOT_CLASS = YES_ERROR;
				CLANG_WARN_SUSPICIOUS_MOVE = YES;
				CLANG_WARN_UNREACHABLE_CODE = YES;
				CLANG_WARN__DUPLICATE_METHOD_MATCH = YES;
				"CODE_SIGN_IDENTITY[sdk=iphoneos*]" = "iPhone Developer";
				COPY_PHASE_STRIP = NO;
				DEBUG_INFORMATION_FORMAT = dwarf;
				ENABLE_STRICT_OBJC_MSGSEND = YES;
				ENABLE_TESTABILITY = YES;
				GCC_C_LANGUAGE_STANDARD = gnu99;
				GCC_DYNAMIC_NO_PIC = NO;
				GCC_NO_COMMON_BLOCKS = YES;
				GCC_OPTIMIZATION_LEVEL = 0;
				GCC_PREPROCESSOR_DEFINITIONS = (
					"DEBUG=1",
					"$(inherited)",
				);
				GCC_WARN_64_TO_32_BIT_CONVERSION = YES;
				GCC_WARN_ABOUT_RETURN_TYPE = YES_ERROR;
				GCC_WARN_UNDECLARED_SELECTOR = YES;
				GCC_WARN_UNINITIALIZED_AUTOS = YES_AGGRESSIVE;
				GCC_WARN_UNUSED_FUNCTION = YES;
				GCC_WARN_UNUSED_VARIABLE = YES;
				IPHONEOS_DEPLOYMENT_TARGET = 10.3;
				MTL_ENABLE_DEBUG_INFO = YES;
				ONLY_ACTIVE_ARCH = YES;
				SDKROOT = iphoneos;
				TARGETED_DEVICE_FAMILY = "1,2";
			};
			name = Debug;
		};
		6FD366461EE6A78F00064523 /* Release */ = {
			isa = XCBuildConfiguration;
			buildSettings = {
				ALWAYS_SEARCH_USER_PATHS = NO;
				CLANG_ANALYZER_NONNULL = YES;
				CLANG_ANALYZER_NUMBER_OBJECT_CONVERSION = YES_AGGRESSIVE;
				CLANG_CXX_LANGUAGE_STANDARD = "gnu++0x";
				CLANG_CXX_LIBRARY = "libc++";
				CLANG_ENABLE_MODULES = YES;
				CLANG_ENABLE_OBJC_ARC = YES;
				CLANG_WARN_BOOL_CONVERSION = YES;
				CLANG_WARN_CONSTANT_CONVERSION = YES;
				CLANG_WARN_DIRECT_OBJC_ISA_USAGE = YES_ERROR;
				CLANG_WARN_DOCUMENTATION_COMMENTS = YES;
				CLANG_WARN_EMPTY_BODY = YES;
				CLANG_WARN_ENUM_CONVERSION = YES;
				CLANG_WARN_INFINITE_RECURSION = YES;
				CLANG_WARN_INT_CONVERSION = YES;
				CLANG_WARN_OBJC_ROOT_CLASS = YES_ERROR;
				CLANG_WARN_SUSPICIOUS_MOVE = YES;
				CLANG_WARN_UNREACHABLE_CODE = YES;
				CLANG_WARN__DUPLICATE_METHOD_MATCH = YES;
				"CODE_SIGN_IDENTITY[sdk=iphoneos*]" = "iPhone Developer";
				COPY_PHASE_STRIP = NO;
				DEBUG_INFORMATION_FORMAT = "dwarf-with-dsym";
				ENABLE_NS_ASSERTIONS = NO;
				ENABLE_STRICT_OBJC_MSGSEND = YES;
				GCC_C_LANGUAGE_STANDARD = gnu99;
				GCC_NO_COMMON_BLOCKS = YES;
				GCC_WARN_64_TO_32_BIT_CONVERSION = YES;
				GCC_WARN_ABOUT_RETURN_TYPE = YES_ERROR;
				GCC_WARN_UNDECLARED_SELECTOR = YES;
				GCC_WARN_UNINITIALIZED_AUTOS = YES_AGGRESSIVE;
				GCC_WARN_UNUSED_FUNCTION = YES;
				GCC_WARN_UNUSED_VARIABLE = YES;
				IPHONEOS_DEPLOYMENT_TARGET = 10.3;
				MTL_ENABLE_DEBUG_INFO = NO;
				SDKROOT = iphoneos;
				TARGETED_DEVICE_FAMILY = "1,2";
				VALIDATE_PRODUCT = YES;
			};
			name = Release;
		};
		6FD366481EE6A78F00064523 /* Debug */ = {
			isa = XCBuildConfiguration;
			buildSettings = {
				ASSETCATALOG_COMPILER_APPICON_NAME = AppIcon;
				DEVELOPMENT_TEAM = 985LB7AXTT;
				INFOPLIST_FILE = DropMenu/Info.plist;
				LD_RUNPATH_SEARCH_PATHS = "$(inherited) @executable_path/Frameworks";
				PRODUCT_BUNDLE_IDENTIFIER = com.yang.DropMenu;
				PRODUCT_NAME = "$(TARGET_NAME)";
			};
			name = Debug;
		};
		6FD366491EE6A78F00064523 /* Release */ = {
			isa = XCBuildConfiguration;
			buildSettings = {
				ASSETCATALOG_COMPILER_APPICON_NAME = AppIcon;
				DEVELOPMENT_TEAM = 985LB7AXTT;
				INFOPLIST_FILE = DropMenu/Info.plist;
				LD_RUNPATH_SEARCH_PATHS = "$(inherited) @executable_path/Frameworks";
				PRODUCT_BUNDLE_IDENTIFIER = com.yang.DropMenu;
				PRODUCT_NAME = "$(TARGET_NAME)";
			};
			name = Release;
		};
		6FD3664B1EE6A78F00064523 /* Debug */ = {
			isa = XCBuildConfiguration;
			buildSettings = {
				BUNDLE_LOADER = "$(TEST_HOST)";
				DEVELOPMENT_TEAM = 985LB7AXTT;
				INFOPLIST_FILE = DropMenuTests/Info.plist;
				LD_RUNPATH_SEARCH_PATHS = "$(inherited) @executable_path/Frameworks @loader_path/Frameworks";
				PRODUCT_BUNDLE_IDENTIFIER = com.yang.DropMenuTests;
				PRODUCT_NAME = "$(TARGET_NAME)";
				TEST_HOST = "$(BUILT_PRODUCTS_DIR)/DropMenu.app/DropMenu";
			};
			name = Debug;
		};
		6FD3664C1EE6A78F00064523 /* Release */ = {
			isa = XCBuildConfiguration;
			buildSettings = {
				BUNDLE_LOADER = "$(TEST_HOST)";
				DEVELOPMENT_TEAM = 985LB7AXTT;
				INFOPLIST_FILE = DropMenuTests/Info.plist;
				LD_RUNPATH_SEARCH_PATHS = "$(inherited) @executable_path/Frameworks @loader_path/Frameworks";
				PRODUCT_BUNDLE_IDENTIFIER = com.yang.DropMenuTests;
				PRODUCT_NAME = "$(TARGET_NAME)";
				TEST_HOST = "$(BUILT_PRODUCTS_DIR)/DropMenu.app/DropMenu";
			};
			name = Release;
		};
/* End XCBuildConfiguration section */

/* Begin XCConfigurationList section */
		6FD366201EE6A78F00064523 /* Build configuration list for PBXProject "DropMenu" */ = {
			isa = XCConfigurationList;
			buildConfigurations = (
				6FD366451EE6A78F00064523 /* Debug */,
				6FD366461EE6A78F00064523 /* Release */,
			);
			defaultConfigurationIsVisible = 0;
			defaultConfigurationName = Release;
		};
		6FD366471EE6A78F00064523 /* Build configuration list for PBXNativeTarget "DropMenu" */ = {
			isa = XCConfigurationList;
			buildConfigurations = (
				6FD366481EE6A78F00064523 /* Debug */,
				6FD366491EE6A78F00064523 /* Release */,
			);
			defaultConfigurationIsVisible = 0;
		};
		6FD3664A1EE6A78F00064523 /* Build configuration list for PBXNativeTarget "DropMenuTests" */ = {
			isa = XCConfigurationList;
			buildConfigurations = (
				6FD3664B1EE6A78F00064523 /* Debug */,
				6FD3664C1EE6A78F00064523 /* Release */,
			);
			defaultConfigurationIsVisible = 0;
		};
/* End XCConfigurationList section */
	};
	rootObject = 6FD3661D1EE6A78F00064523 /* Project object */;
}
